// !$*UTF8*$!
{
	archiveVersion = 1;
	classes = {
	};
	objectVersion = 46;
	objects = {

/* Begin PBXBuildFile section */
		75B03C40168F888300515C47 /* Boats.png in Resources */ = {isa = PBXBuildFile; fileRef = 75B03C37168F888300515C47 /* Boats.png */; };
		75B03C41168F888300515C47 /* GetAttention.png in Resources */ = {isa = PBXBuildFile; fileRef = 75B03C38168F888300515C47 /* GetAttention.png */; };
		75B03C42168F888300515C47 /* Moofin.png in Resources */ = {isa = PBXBuildFile; fileRef = 75B03C39168F888300515C47 /* Moofin.png */; };
		75B03C43168F888300515C47 /* Sheep.png in Resources */ = {isa = PBXBuildFile; fileRef = 75B03C3A168F888300515C47 /* Sheep.png */; };
		75B03C44168F888300515C47 /* Snakes(Rare).png in Resources */ = {isa = PBXBuildFile; fileRef = 75B03C3B168F888300515C47 /* Snakes(Rare).png */; };
		75B03C45168F888300515C47 /* Surprise.png in Resources */ = {isa = PBXBuildFile; fileRef = 75B03C3C168F888300515C47 /* Surprise.png */; };
		75B03C46168F888300515C47 /* Talking.png in Resources */ = {isa = PBXBuildFile; fileRef = 75B03C3D168F888300515C47 /* Talking.png */; };
		75B03C47168F888300515C47 /* Trees.png in Resources */ = {isa = PBXBuildFile; fileRef = 75B03C3E168F888300515C47 /* Trees.png */; };
		75B03C48168F888300515C47 /* Weather.png in Resources */ = {isa = PBXBuildFile; fileRef = 75B03C3F168F888300515C47 /* Weather.png */; };
		75D8B492168E562E00298737 /* Meco.png in Resources */ = {isa = PBXBuildFile; fileRef = 75D8B491168E562E00298737 /* Meco.png */; };
		75FB4A7B168FB04600B84A04 /* MecoBoat.m in Sources */ = {isa = PBXBuildFile; fileRef = 75FB4A62168FB04600B84A04 /* MecoBoat.m */; };
		75FB4A7C168FB04600B84A04 /* MecoExplorerJob.m in Sources */ = {isa = PBXBuildFile; fileRef = 75FB4A64168FB04600B84A04 /* MecoExplorerJob.m */; };
		75FB4A7D168FB04600B84A04 /* MecoFarmerJob.m in Sources */ = {isa = PBXBuildFile; fileRef = 75FB4A66168FB04600B84A04 /* MecoFarmerJob.m */; };
		75FB4A7E168FB04600B84A04 /* MecoHouse.m in Sources */ = {isa = PBXBuildFile; fileRef = 75FB4A68168FB04600B84A04 /* MecoHouse.m */; };
		75FB4A7F168FB04600B84A04 /* MecoIsland.m in Sources */ = {isa = PBXBuildFile; fileRef = 75FB4A6A168FB04600B84A04 /* MecoIsland.m */; };
		75FB4A80168FB04600B84A04 /* MecoItem.m in Sources */ = {isa = PBXBuildFile; fileRef = 75FB4A6C168FB04600B84A04 /* MecoItem.m */; };
		75FB4A81168FB04600B84A04 /* MecoJob.m in Sources */ = {isa = PBXBuildFile; fileRef = 75FB4A6E168FB04600B84A04 /* MecoJob.m */; };
		75FB4A82168FB04600B84A04 /* MecoPerson.m in Sources */ = {isa = PBXBuildFile; fileRef = 75FB4A70168FB04600B84A04 /* MecoPerson.m */; };
		75FB4A83168FB04600B84A04 /* MecoScientistJob.m in Sources */ = {isa = PBXBuildFile; fileRef = 75FB4A72168FB04600B84A04 /* MecoScientistJob.m */; };
		75FB4A84168FB04600B84A04 /* MecoSheep.m in Sources */ = {isa = PBXBuildFile; fileRef = 75FB4A74168FB04600B84A04 /* MecoSheep.m */; };
		75FB4A85168FB04600B84A04 /* MecoTailorJob.m in Sources */ = {isa = PBXBuildFile; fileRef = 75FB4A76168FB04600B84A04 /* MecoTailorJob.m */; };
		75FB4A86168FB04600B84A04 /* MecoWorkerJob.m in Sources */ = {isa = PBXBuildFile; fileRef = 75FB4A78168FB04600B84A04 /* MecoWorkerJob.m */; };
		75FB4A87168FB04600B84A04 /* MecoWorld.m in Sources */ = {isa = PBXBuildFile; fileRef = 75FB4A7A168FB04600B84A04 /* MecoWorld.m */; };
		D497CB3F168E408A0025EC0B /* UIKit.framework in Frameworks */ = {isa = PBXBuildFile; fileRef = D497CB3E168E408A0025EC0B /* UIKit.framework */; };
		D497CB41168E408A0025EC0B /* Foundation.framework in Frameworks */ = {isa = PBXBuildFile; fileRef = D497CB40168E408A0025EC0B /* Foundation.framework */; };
		D497CB43168E408A0025EC0B /* CoreGraphics.framework in Frameworks */ = {isa = PBXBuildFile; fileRef = D497CB42168E408A0025EC0B /* CoreGraphics.framework */; };
		D497CB49168E408A0025EC0B /* InfoPlist.strings in Resources */ = {isa = PBXBuildFile; fileRef = D497CB47168E408A0025EC0B /* InfoPlist.strings */; };
		D497CB4B168E408A0025EC0B /* main.m in Sources */ = {isa = PBXBuildFile; fileRef = D497CB4A168E408A0025EC0B /* main.m */; };
		D497CB4F168E408A0025EC0B /* MECOAppDelegate.m in Sources */ = {isa = PBXBuildFile; fileRef = D497CB4E168E408A0025EC0B /* MECOAppDelegate.m */; };
		D497CB51168E408A0025EC0B /* Default.png in Resources */ = {isa = PBXBuildFile; fileRef = D497CB50168E408A0025EC0B /* Default.png */; };
		D497CB53168E408A0025EC0B /* Default@2x.png in Resources */ = {isa = PBXBuildFile; fileRef = D497CB52168E408A0025EC0B /* Default@2x.png */; };
		D497CB55168E408A0025EC0B /* Default-568h@2x.png in Resources */ = {isa = PBXBuildFile; fileRef = D497CB54168E408A0025EC0B /* Default-568h@2x.png */; };
		D497CB58168E408A0025EC0B /* MainStoryboard.storyboard in Resources */ = {isa = PBXBuildFile; fileRef = D497CB56168E408A0025EC0B /* MainStoryboard.storyboard */; };
		D497CB5B168E408A0025EC0B /* MECOViewController.m in Sources */ = {isa = PBXBuildFile; fileRef = D497CB5A168E408A0025EC0B /* MECOViewController.m */; };
		D497CB63168E497B0025EC0B /* MECOGroundView.m in Sources */ = {isa = PBXBuildFile; fileRef = D497CB62168E497B0025EC0B /* MECOGroundView.m */; };
		D497CB66168E4A830025EC0B /* QuartzCore.framework in Frameworks */ = {isa = PBXBuildFile; fileRef = D497CB65168E4A830025EC0B /* QuartzCore.framework */; };
		D497CB6D168E56BD0025EC0B /* MECOSpriteView.m in Sources */ = {isa = PBXBuildFile; fileRef = D497CB6C168E56BD0025EC0B /* MECOSpriteView.m */; };
		D497CB85168F52B10025EC0B /* mecoiOSicon.png in Resources */ = {isa = PBXBuildFile; fileRef = D497CB84168F52B10025EC0B /* mecoiOSicon.png */; };
		D497CBD6168F9CD40025EC0B /* NSValue+MECOPoints.m in Sources */ = {isa = PBXBuildFile; fileRef = D497CBD5168F9CD40025EC0B /* NSValue+MECOPoints.m */; };
		D497CBD8168F9F600025EC0B /* Island 1.plist in Resources */ = {isa = PBXBuildFile; fileRef = D497CBD7168F9F600025EC0B /* Island 1.plist */; };
		D497CBED168FB1620025EC0B /* MECOIsland.m in Sources */ = {isa = PBXBuildFile; fileRef = D497CB91168F92640025EC0B /* MECOIsland.m */; };
/* End PBXBuildFile section */

/* Begin PBXFileReference section */
		75B03C37168F888300515C47 /* Boats.png */ = {isa = PBXFileReference; lastKnownFileType = image.png; name = Boats.png; path = MecoArt/Boats.png; sourceTree = "<group>"; };
		75B03C38168F888300515C47 /* GetAttention.png */ = {isa = PBXFileReference; lastKnownFileType = image.png; name = GetAttention.png; path = MecoArt/GetAttention.png; sourceTree = "<group>"; };
		75B03C39168F888300515C47 /* Moofin.png */ = {isa = PBXFileReference; lastKnownFileType = image.png; name = Moofin.png; path = MecoArt/Moofin.png; sourceTree = "<group>"; };
		75B03C3A168F888300515C47 /* Sheep.png */ = {isa = PBXFileReference; lastKnownFileType = image.png; name = Sheep.png; path = MecoArt/Sheep.png; sourceTree = "<group>"; };
		75B03C3B168F888300515C47 /* Snakes(Rare).png */ = {isa = PBXFileReference; lastKnownFileType = image.png; name = "Snakes(Rare).png"; path = "MecoArt/Snakes(Rare).png"; sourceTree = "<group>"; };
		75B03C3C168F888300515C47 /* Surprise.png */ = {isa = PBXFileReference; lastKnownFileType = image.png; name = Surprise.png; path = MecoArt/Surprise.png; sourceTree = "<group>"; };
		75B03C3D168F888300515C47 /* Talking.png */ = {isa = PBXFileReference; lastKnownFileType = image.png; name = Talking.png; path = MecoArt/Talking.png; sourceTree = "<group>"; };
		75B03C3E168F888300515C47 /* Trees.png */ = {isa = PBXFileReference; lastKnownFileType = image.png; name = Trees.png; path = MecoArt/Trees.png; sourceTree = "<group>"; };
		75B03C3F168F888300515C47 /* Weather.png */ = {isa = PBXFileReference; lastKnownFileType = image.png; name = Weather.png; path = MecoArt/Weather.png; sourceTree = "<group>"; };
		75D8B491168E562E00298737 /* Meco.png */ = {isa = PBXFileReference; lastKnownFileType = image.png; name = Meco.png; path = MecoArt/Meco.png; sourceTree = "<group>"; };
		75FB4A61168FB04600B84A04 /* MecoBoat.h */ = {isa = PBXFileReference; fileEncoding = 4; lastKnownFileType = sourcecode.c.h; path = MecoBoat.h; sourceTree = "<group>"; };
		75FB4A62168FB04600B84A04 /* MecoBoat.m */ = {isa = PBXFileReference; fileEncoding = 4; lastKnownFileType = sourcecode.c.objc; path = MecoBoat.m; sourceTree = "<group>"; };
		75FB4A63168FB04600B84A04 /* MecoExplorerJob.h */ = {isa = PBXFileReference; fileEncoding = 4; lastKnownFileType = sourcecode.c.h; path = MecoExplorerJob.h; sourceTree = "<group>"; };
		75FB4A64168FB04600B84A04 /* MecoExplorerJob.m */ = {isa = PBXFileReference; fileEncoding = 4; lastKnownFileType = sourcecode.c.objc; path = MecoExplorerJob.m; sourceTree = "<group>"; };
		75FB4A65168FB04600B84A04 /* MecoFarmerJob.h */ = {isa = PBXFileReference; fileEncoding = 4; lastKnownFileType = sourcecode.c.h; path = MecoFarmerJob.h; sourceTree = "<group>"; };
		75FB4A66168FB04600B84A04 /* MecoFarmerJob.m */ = {isa = PBXFileReference; fileEncoding = 4; lastKnownFileType = sourcecode.c.objc; path = MecoFarmerJob.m; sourceTree = "<group>"; };
		75FB4A67168FB04600B84A04 /* MecoHouse.h */ = {isa = PBXFileReference; fileEncoding = 4; lastKnownFileType = sourcecode.c.h; path = MecoHouse.h; sourceTree = "<group>"; };
		75FB4A68168FB04600B84A04 /* MecoHouse.m */ = {isa = PBXFileReference; fileEncoding = 4; lastKnownFileType = sourcecode.c.objc; path = MecoHouse.m; sourceTree = "<group>"; };
		75FB4A69168FB04600B84A04 /* MecoIsland.h */ = {isa = PBXFileReference; fileEncoding = 4; lastKnownFileType = sourcecode.c.h; path = MecoIsland.h; sourceTree = "<group>"; };
		75FB4A6A168FB04600B84A04 /* MecoIsland.m */ = {isa = PBXFileReference; fileEncoding = 4; lastKnownFileType = sourcecode.c.objc; path = MecoIsland.m; sourceTree = "<group>"; };
		75FB4A6B168FB04600B84A04 /* MecoItem.h */ = {isa = PBXFileReference; fileEncoding = 4; lastKnownFileType = sourcecode.c.h; path = MecoItem.h; sourceTree = "<group>"; };
		75FB4A6C168FB04600B84A04 /* MecoItem.m */ = {isa = PBXFileReference; fileEncoding = 4; lastKnownFileType = sourcecode.c.objc; path = MecoItem.m; sourceTree = "<group>"; };
		75FB4A6D168FB04600B84A04 /* MecoJob.h */ = {isa = PBXFileReference; fileEncoding = 4; lastKnownFileType = sourcecode.c.h; path = MecoJob.h; sourceTree = "<group>"; };
		75FB4A6E168FB04600B84A04 /* MecoJob.m */ = {isa = PBXFileReference; fileEncoding = 4; lastKnownFileType = sourcecode.c.objc; path = MecoJob.m; sourceTree = "<group>"; };
		75FB4A6F168FB04600B84A04 /* MecoPerson.h */ = {isa = PBXFileReference; fileEncoding = 4; lastKnownFileType = sourcecode.c.h; path = MecoPerson.h; sourceTree = "<group>"; };
		75FB4A70168FB04600B84A04 /* MecoPerson.m */ = {isa = PBXFileReference; fileEncoding = 4; lastKnownFileType = sourcecode.c.objc; path = MecoPerson.m; sourceTree = "<group>"; };
		75FB4A71168FB04600B84A04 /* MecoScientistJob.h */ = {isa = PBXFileReference; fileEncoding = 4; lastKnownFileType = sourcecode.c.h; path = MecoScientistJob.h; sourceTree = "<group>"; };
		75FB4A72168FB04600B84A04 /* MecoScientistJob.m */ = {isa = PBXFileReference; fileEncoding = 4; lastKnownFileType = sourcecode.c.objc; path = MecoScientistJob.m; sourceTree = "<group>"; };
		75FB4A73168FB04600B84A04 /* MecoSheep.h */ = {isa = PBXFileReference; fileEncoding = 4; lastKnownFileType = sourcecode.c.h; path = MecoSheep.h; sourceTree = "<group>"; };
		75FB4A74168FB04600B84A04 /* MecoSheep.m */ = {isa = PBXFileReference; fileEncoding = 4; lastKnownFileType = sourcecode.c.objc; path = MecoSheep.m; sourceTree = "<group>"; };
		75FB4A75168FB04600B84A04 /* MecoTailorJob.h */ = {isa = PBXFileReference; fileEncoding = 4; lastKnownFileType = sourcecode.c.h; path = MecoTailorJob.h; sourceTree = "<group>"; };
		75FB4A76168FB04600B84A04 /* MecoTailorJob.m */ = {isa = PBXFileReference; fileEncoding = 4; lastKnownFileType = sourcecode.c.objc; path = MecoTailorJob.m; sourceTree = "<group>"; };
		75FB4A77168FB04600B84A04 /* MecoWorkerJob.h */ = {isa = PBXFileReference; fileEncoding = 4; lastKnownFileType = sourcecode.c.h; path = MecoWorkerJob.h; sourceTree = "<group>"; };
		75FB4A78168FB04600B84A04 /* MecoWorkerJob.m */ = {isa = PBXFileReference; fileEncoding = 4; lastKnownFileType = sourcecode.c.objc; path = MecoWorkerJob.m; sourceTree = "<group>"; };
		75FB4A79168FB04600B84A04 /* MecoWorld.h */ = {isa = PBXFileReference; fileEncoding = 4; lastKnownFileType = sourcecode.c.h; path = MecoWorld.h; sourceTree = "<group>"; };
		75FB4A7A168FB04600B84A04 /* MecoWorld.m */ = {isa = PBXFileReference; fileEncoding = 4; lastKnownFileType = sourcecode.c.objc; path = MecoWorld.m; sourceTree = "<group>"; };
		D497CB3A168E408A0025EC0B /* MecoNation.app */ = {isa = PBXFileReference; explicitFileType = wrapper.application; includeInIndex = 0; path = MecoNation.app; sourceTree = BUILT_PRODUCTS_DIR; };
		D497CB3E168E408A0025EC0B /* UIKit.framework */ = {isa = PBXFileReference; lastKnownFileType = wrapper.framework; name = UIKit.framework; path = System/Library/Frameworks/UIKit.framework; sourceTree = SDKROOT; };
		D497CB40168E408A0025EC0B /* Foundation.framework */ = {isa = PBXFileReference; lastKnownFileType = wrapper.framework; name = Foundation.framework; path = System/Library/Frameworks/Foundation.framework; sourceTree = SDKROOT; };
		D497CB42168E408A0025EC0B /* CoreGraphics.framework */ = {isa = PBXFileReference; lastKnownFileType = wrapper.framework; name = CoreGraphics.framework; path = System/Library/Frameworks/CoreGraphics.framework; sourceTree = SDKROOT; };
		D497CB46168E408A0025EC0B /* MecoNation-Info.plist */ = {isa = PBXFileReference; lastKnownFileType = text.plist.xml; path = "MecoNation-Info.plist"; sourceTree = "<group>"; };
		D497CB48168E408A0025EC0B /* en */ = {isa = PBXFileReference; lastKnownFileType = text.plist.strings; name = en; path = en.lproj/InfoPlist.strings; sourceTree = "<group>"; };
		D497CB4A168E408A0025EC0B /* main.m */ = {isa = PBXFileReference; lastKnownFileType = sourcecode.c.objc; path = main.m; sourceTree = "<group>"; };
		D497CB4C168E408A0025EC0B /* MecoNation-Prefix.pch */ = {isa = PBXFileReference; lastKnownFileType = sourcecode.c.h; path = "MecoNation-Prefix.pch"; sourceTree = "<group>"; };
		D497CB4D168E408A0025EC0B /* MECOAppDelegate.h */ = {isa = PBXFileReference; lastKnownFileType = sourcecode.c.h; path = MECOAppDelegate.h; sourceTree = "<group>"; };
		D497CB4E168E408A0025EC0B /* MECOAppDelegate.m */ = {isa = PBXFileReference; lastKnownFileType = sourcecode.c.objc; path = MECOAppDelegate.m; sourceTree = "<group>"; };
		D497CB50168E408A0025EC0B /* Default.png */ = {isa = PBXFileReference; lastKnownFileType = image.png; path = Default.png; sourceTree = "<group>"; };
		D497CB52168E408A0025EC0B /* Default@2x.png */ = {isa = PBXFileReference; lastKnownFileType = image.png; path = "Default@2x.png"; sourceTree = "<group>"; };
		D497CB54168E408A0025EC0B /* Default-568h@2x.png */ = {isa = PBXFileReference; lastKnownFileType = image.png; path = "Default-568h@2x.png"; sourceTree = "<group>"; };
		D497CB57168E408A0025EC0B /* en */ = {isa = PBXFileReference; lastKnownFileType = file.storyboard; name = en; path = en.lproj/MainStoryboard.storyboard; sourceTree = "<group>"; };
		D497CB59168E408A0025EC0B /* MECOViewController.h */ = {isa = PBXFileReference; lastKnownFileType = sourcecode.c.h; path = MECOViewController.h; sourceTree = "<group>"; };
		D497CB5A168E408A0025EC0B /* MECOViewController.m */ = {isa = PBXFileReference; lastKnownFileType = sourcecode.c.objc; path = MECOViewController.m; sourceTree = "<group>"; };
		D497CB61168E497B0025EC0B /* MECOGroundView.h */ = {isa = PBXFileReference; fileEncoding = 4; lastKnownFileType = sourcecode.c.h; path = MECOGroundView.h; sourceTree = "<group>"; };
		D497CB62168E497B0025EC0B /* MECOGroundView.m */ = {isa = PBXFileReference; fileEncoding = 4; lastKnownFileType = sourcecode.c.objc; path = MECOGroundView.m; sourceTree = "<group>"; };
		D497CB65168E4A830025EC0B /* QuartzCore.framework */ = {isa = PBXFileReference; lastKnownFileType = wrapper.framework; name = QuartzCore.framework; path = System/Library/Frameworks/QuartzCore.framework; sourceTree = SDKROOT; };
		D497CB6B168E56BD0025EC0B /* MECOSpriteView.h */ = {isa = PBXFileReference; fileEncoding = 4; lastKnownFileType = sourcecode.c.h; path = MECOSpriteView.h; sourceTree = "<group>"; };
		D497CB6C168E56BD0025EC0B /* MECOSpriteView.m */ = {isa = PBXFileReference; fileEncoding = 4; lastKnownFileType = sourcecode.c.objc; path = MECOSpriteView.m; sourceTree = "<group>"; };
		D497CB84168F52B10025EC0B /* mecoiOSicon.png */ = {isa = PBXFileReference; lastKnownFileType = image.png; path = mecoiOSicon.png; sourceTree = SOURCE_ROOT; };
		D497CB90168F92640025EC0B /* MECOIsland.h */ = {isa = PBXFileReference; fileEncoding = 4; lastKnownFileType = sourcecode.c.h; path = MECOIsland.h; sourceTree = "<group>"; };
		D497CB91168F92640025EC0B /* MECOIsland.m */ = {isa = PBXFileReference; fileEncoding = 4; lastKnownFileType = sourcecode.c.objc; path = MECOIsland.m; sourceTree = "<group>"; };
		D497CBD4168F9CD40025EC0B /* NSValue+MECOPoints.h */ = {isa = PBXFileReference; fileEncoding = 4; lastKnownFileType = sourcecode.c.h; path = "NSValue+MECOPoints.h"; sourceTree = "<group>"; };
		D497CBD5168F9CD40025EC0B /* NSValue+MECOPoints.m */ = {isa = PBXFileReference; fileEncoding = 4; lastKnownFileType = sourcecode.c.objc; path = "NSValue+MECOPoints.m"; sourceTree = "<group>"; };
		D497CBD7168F9F600025EC0B /* Island 1.plist */ = {isa = PBXFileReference; fileEncoding = 4; lastKnownFileType = text.plist.xml; path = "Island 1.plist"; sourceTree = "<group>"; };
/* End PBXFileReference section */

/* Begin PBXFrameworksBuildPhase section */
		D497CB37168E408A0025EC0B /* Frameworks */ = {
			isa = PBXFrameworksBuildPhase;
			buildActionMask = 2147483647;
			files = (
				D497CB66168E4A830025EC0B /* QuartzCore.framework in Frameworks */,
				D497CB3F168E408A0025EC0B /* UIKit.framework in Frameworks */,
				D497CB41168E408A0025EC0B /* Foundation.framework in Frameworks */,
				D497CB43168E408A0025EC0B /* CoreGraphics.framework in Frameworks */,
			);
			runOnlyForDeploymentPostprocessing = 0;
		};
/* End PBXFrameworksBuildPhase section */

/* Begin PBXGroup section */
		75B03C35168F865800515C47 /* Speech Bubbles */ = {
			isa = PBXGroup;
			children = (
				75B03C37168F888300515C47 /* Boats.png */,
				75B03C38168F888300515C47 /* GetAttention.png */,
				75B03C39168F888300515C47 /* Moofin.png */,
				75B03C3A168F888300515C47 /* Sheep.png */,
				75B03C3B168F888300515C47 /* Snakes(Rare).png */,
				75B03C3C168F888300515C47 /* Surprise.png */,
				75B03C3D168F888300515C47 /* Talking.png */,
				75B03C3E168F888300515C47 /* Trees.png */,
				75B03C3F168F888300515C47 /* Weather.png */,
			);
			name = "Speech Bubbles";
			sourceTree = "<group>";
		};
		75FB4A60168FB04600B84A04 /* Logic */ = {
			isa = PBXGroup;
			children = (
				75FB4A61168FB04600B84A04 /* MecoBoat.h */,
				75FB4A62168FB04600B84A04 /* MecoBoat.m */,
				75FB4A63168FB04600B84A04 /* MecoExplorerJob.h */,
				75FB4A64168FB04600B84A04 /* MecoExplorerJob.m */,
				75FB4A65168FB04600B84A04 /* MecoFarmerJob.h */,
				75FB4A66168FB04600B84A04 /* MecoFarmerJob.m */,
				75FB4A67168FB04600B84A04 /* MecoHouse.h */,
				75FB4A68168FB04600B84A04 /* MecoHouse.m */,
				75FB4A69168FB04600B84A04 /* MecoIsland.h */,
				75FB4A6A168FB04600B84A04 /* MecoIsland.m */,
				75FB4A6B168FB04600B84A04 /* MecoItem.h */,
				75FB4A6C168FB04600B84A04 /* MecoItem.m */,
				75FB4A6D168FB04600B84A04 /* MecoJob.h */,
				75FB4A6E168FB04600B84A04 /* MecoJob.m */,
				75FB4A6F168FB04600B84A04 /* MecoPerson.h */,
				75FB4A70168FB04600B84A04 /* MecoPerson.m */,
				75FB4A71168FB04600B84A04 /* MecoScientistJob.h */,
				75FB4A72168FB04600B84A04 /* MecoScientistJob.m */,
				75FB4A73168FB04600B84A04 /* MecoSheep.h */,
				75FB4A74168FB04600B84A04 /* MecoSheep.m */,
				75FB4A75168FB04600B84A04 /* MecoTailorJob.h */,
				75FB4A76168FB04600B84A04 /* MecoTailorJob.m */,
				75FB4A77168FB04600B84A04 /* MecoWorkerJob.h */,
				75FB4A78168FB04600B84A04 /* MecoWorkerJob.m */,
				75FB4A79168FB04600B84A04 /* MecoWorld.h */,
				75FB4A7A168FB04600B84A04 /* MecoWorld.m */,
			);
			path = Logic;
			sourceTree = "<group>";
		};
		D497CB2F168E408A0025EC0B = {
			isa = PBXGroup;
			children = (
				D497CB44168E408A0025EC0B /* MecoNation */,
				D497CB3D168E408A0025EC0B /* Frameworks */,
				D497CB3B168E408A0025EC0B /* Products */,
			);
			sourceTree = "<group>";
		};
		D497CB3B168E408A0025EC0B /* Products */ = {
			isa = PBXGroup;
			children = (
				D497CB3A168E408A0025EC0B /* MecoNation.app */,
			);
			name = Products;
			sourceTree = "<group>";
		};
		D497CB3D168E408A0025EC0B /* Frameworks */ = {
			isa = PBXGroup;
			children = (
				D497CB3E168E408A0025EC0B /* UIKit.framework */,
				D497CB40168E408A0025EC0B /* Foundation.framework */,
				D497CB42168E408A0025EC0B /* CoreGraphics.framework */,
				D497CB65168E4A830025EC0B /* QuartzCore.framework */,
			);
			name = Frameworks;
			sourceTree = "<group>";
		};
		D497CB44168E408A0025EC0B /* MecoNation */ = {
			isa = PBXGroup;
			children = (
				D497CB4D168E408A0025EC0B /* MECOAppDelegate.h */,
				D497CB4E168E408A0025EC0B /* MECOAppDelegate.m */,
				D497CB56168E408A0025EC0B /* MainStoryboard.storyboard */,
				D497CB59168E408A0025EC0B /* MECOViewController.h */,
				D497CB5A168E408A0025EC0B /* MECOViewController.m */,
				D497CB8B168F92020025EC0B /* Ground */,
				D497CB64168E4A480025EC0B /* Sprites */,
				75FB4A60168FB04600B84A04 /* Logic */,
				D497CB45168E408A0025EC0B /* Supporting Files */,
			);
			path = MecoNation;
			sourceTree = "<group>";
		};
		D497CB45168E408A0025EC0B /* Supporting Files */ = {
			isa = PBXGroup;
			children = (
				D497CB84168F52B10025EC0B /* mecoiOSicon.png */,
				D497CB46168E408A0025EC0B /* MecoNation-Info.plist */,
				D497CB47168E408A0025EC0B /* InfoPlist.strings */,
				D497CB4A168E408A0025EC0B /* main.m */,
				D497CB4C168E408A0025EC0B /* MecoNation-Prefix.pch */,
				D497CB50168E408A0025EC0B /* Default.png */,
				D497CB52168E408A0025EC0B /* Default@2x.png */,
				D497CB54168E408A0025EC0B /* Default-568h@2x.png */,
				D497CBD4168F9CD40025EC0B /* NSValue+MECOPoints.h */,
				D497CBD5168F9CD40025EC0B /* NSValue+MECOPoints.m */,
			);
			name = "Supporting Files";
			sourceTree = "<group>";
		};
		D497CB64168E4A480025EC0B /* Sprites */ = {
			isa = PBXGroup;
			children = (
				75B03C35168F865800515C47 /* Speech Bubbles */,
				75D8B491168E562E00298737 /* Meco.png */,
				D497CB61168E497B0025EC0B /* MECOGroundView.h */,
				D497CB62168E497B0025EC0B /* MECOGroundView.m */,
				D497CB6B168E56BD0025EC0B /* MECOSpriteView.h */,
				D497CB6C168E56BD0025EC0B /* MECOSpriteView.m */,
			);
			name = Sprites;
			sourceTree = "<group>";
		};
		D497CB8B168F92020025EC0B /* Ground */ = {
			isa = PBXGroup;
			children = (
				D497CB61168E497B0025EC0B /* MECOGroundView.h */,
				D497CB62168E497B0025EC0B /* MECOGroundView.m */,
				D497CB90168F92640025EC0B /* MECOIsland.h */,
				D497CB91168F92640025EC0B /* MECOIsland.m */,
				D497CBD7168F9F600025EC0B /* Island 1.plist */,
			);
			name = Ground;
			sourceTree = "<group>";
		};
/* End PBXGroup section */

/* Begin PBXNativeTarget section */
		D497CB39168E408A0025EC0B /* MecoNation */ = {
			isa = PBXNativeTarget;
			buildConfigurationList = D497CB5E168E408A0025EC0B /* Build configuration list for PBXNativeTarget "MecoNation" */;
			buildPhases = (
				D497CB36168E408A0025EC0B /* Sources */,
				D497CB37168E408A0025EC0B /* Frameworks */,
				D497CB38168E408A0025EC0B /* Resources */,
			);
			buildRules = (
			);
			dependencies = (
			);
			name = MecoNation;
			productName = MecoNation;
			productReference = D497CB3A168E408A0025EC0B /* MecoNation.app */;
			productType = "com.apple.product-type.application";
		};
/* End PBXNativeTarget section */

/* Begin PBXProject section */
		D497CB31168E408A0025EC0B /* Project object */ = {
			isa = PBXProject;
			attributes = {
				CLASSPREFIX = MECO;
				LastUpgradeCheck = 0450;
				ORGANIZATIONNAME = "Micah Merswolke";
			};
			buildConfigurationList = D497CB34168E408A0025EC0B /* Build configuration list for PBXProject "MecoNation" */;
			compatibilityVersion = "Xcode 3.2";
			developmentRegion = English;
			hasScannedForEncodings = 0;
			knownRegions = (
				en,
			);
			mainGroup = D497CB2F168E408A0025EC0B;
			productRefGroup = D497CB3B168E408A0025EC0B /* Products */;
			projectDirPath = "";
			projectRoot = "";
			targets = (
				D497CB39168E408A0025EC0B /* MecoNation */,
			);
		};
/* End PBXProject section */

/* Begin PBXResourcesBuildPhase section */
		D497CB38168E408A0025EC0B /* Resources */ = {
			isa = PBXResourcesBuildPhase;
			buildActionMask = 2147483647;
			files = (
				D497CB49168E408A0025EC0B /* InfoPlist.strings in Resources */,
				D497CB51168E408A0025EC0B /* Default.png in Resources */,
				D497CB53168E408A0025EC0B /* Default@2x.png in Resources */,
				D497CB55168E408A0025EC0B /* Default-568h@2x.png in Resources */,
				D497CB58168E408A0025EC0B /* MainStoryboard.storyboard in Resources */,
				75D8B492168E562E00298737 /* Meco.png in Resources */,
				D497CB85168F52B10025EC0B /* mecoiOSicon.png in Resources */,
				75B03C40168F888300515C47 /* Boats.png in Resources */,
				75B03C41168F888300515C47 /* GetAttention.png in Resources */,
				75B03C42168F888300515C47 /* Moofin.png in Resources */,
				75B03C43168F888300515C47 /* Sheep.png in Resources */,
				75B03C44168F888300515C47 /* Snakes(Rare).png in Resources */,
				75B03C45168F888300515C47 /* Surprise.png in Resources */,
				75B03C46168F888300515C47 /* Talking.png in Resources */,
				75B03C47168F888300515C47 /* Trees.png in Resources */,
				75B03C48168F888300515C47 /* Weather.png in Resources */,
				D497CBD8168F9F600025EC0B /* Island 1.plist in Resources */,
			);
			runOnlyForDeploymentPostprocessing = 0;
		};
/* End PBXResourcesBuildPhase section */

/* Begin PBXSourcesBuildPhase section */
		D497CB36168E408A0025EC0B /* Sources */ = {
			isa = PBXSourcesBuildPhase;
			buildActionMask = 2147483647;
			files = (
				D497CB4B168E408A0025EC0B /* main.m in Sources */,
				D497CB4F168E408A0025EC0B /* MECOAppDelegate.m in Sources */,
				D497CB5B168E408A0025EC0B /* MECOViewController.m in Sources */,
				D497CB63168E497B0025EC0B /* MECOGroundView.m in Sources */,
				D497CB6D168E56BD0025EC0B /* MECOSpriteView.m in Sources */,
				75FB4A7B168FB04600B84A04 /* MecoBoat.m in Sources */,
				75FB4A7C168FB04600B84A04 /* MecoExplorerJob.m in Sources */,
				75FB4A7D168FB04600B84A04 /* MecoFarmerJob.m in Sources */,
				75FB4A7E168FB04600B84A04 /* MecoHouse.m in Sources */,
				75FB4A7F168FB04600B84A04 /* MecoIsland.m in Sources */,
				75FB4A80168FB04600B84A04 /* MecoItem.m in Sources */,
				75FB4A81168FB04600B84A04 /* MecoJob.m in Sources */,
				75FB4A82168FB04600B84A04 /* MecoPerson.m in Sources */,
				75FB4A83168FB04600B84A04 /* MecoScientistJob.m in Sources */,
				75FB4A84168FB04600B84A04 /* MecoSheep.m in Sources */,
				75FB4A85168FB04600B84A04 /* MecoTailorJob.m in Sources */,
				75FB4A86168FB04600B84A04 /* MecoWorkerJob.m in Sources */,
				D497CBD6168F9CD40025EC0B /* NSValue+MECOPoints.m in Sources */,
				75FB4A87168FB04600B84A04 /* MecoWorld.m in Sources */,
				D497CBED168FB1620025EC0B /* MECOIsland.m in Sources */,
			);
			runOnlyForDeploymentPostprocessing = 0;
		};
/* End PBXSourcesBuildPhase section */

/* Begin PBXVariantGroup section */
		D497CB47168E408A0025EC0B /* InfoPlist.strings */ = {
			isa = PBXVariantGroup;
			children = (
				D497CB48168E408A0025EC0B /* en */,
			);
			name = InfoPlist.strings;
			sourceTree = "<group>";
		};
		D497CB56168E408A0025EC0B /* MainStoryboard.storyboard */ = {
			isa = PBXVariantGroup;
			children = (
				D497CB57168E408A0025EC0B /* en */,
			);
			name = MainStoryboard.storyboard;
			sourceTree = "<group>";
		};
/* End PBXVariantGroup section */

/* Begin XCBuildConfiguration section */
		D497CB5C168E408A0025EC0B /* Debug */ = {
			isa = XCBuildConfiguration;
			buildSettings = {
				ALWAYS_SEARCH_USER_PATHS = NO;
				CLANG_CXX_LANGUAGE_STANDARD = "gnu++0x";
				CLANG_CXX_LIBRARY = "libc++";
				CLANG_ENABLE_OBJC_ARC = YES;
				CLANG_WARN_EMPTY_BODY = YES;
				CLANG_WARN__DUPLICATE_METHOD_MATCH = YES;
				"CODE_SIGN_IDENTITY[sdk=iphoneos*]" = "iPhone Developer";
				COPY_PHASE_STRIP = NO;
				GCC_C_LANGUAGE_STANDARD = gnu99;
				GCC_DYNAMIC_NO_PIC = NO;
				GCC_OPTIMIZATION_LEVEL = 0;
				GCC_PREPROCESSOR_DEFINITIONS = (
					"DEBUG=1",
					"$(inherited)",
				);
				GCC_SYMBOLS_PRIVATE_EXTERN = NO;
				GCC_WARN_ABOUT_RETURN_TYPE = YES;
				GCC_WARN_UNINITIALIZED_AUTOS = YES;
				GCC_WARN_UNUSED_VARIABLE = YES;
				IPHONEOS_DEPLOYMENT_TARGET = 5.0;
				ONLY_ACTIVE_ARCH = YES;
				SDKROOT = iphoneos;
			};
			name = Debug;
		};
		D497CB5D168E408A0025EC0B /* Release */ = {
			isa = XCBuildConfiguration;
			buildSettings = {
				ALWAYS_SEARCH_USER_PATHS = NO;
				CLANG_CXX_LANGUAGE_STANDARD = "gnu++0x";
				CLANG_CXX_LIBRARY = "libc++";
				CLANG_ENABLE_OBJC_ARC = YES;
				CLANG_WARN_EMPTY_BODY = YES;
				CLANG_WARN__DUPLICATE_METHOD_MATCH = YES;
				"CODE_SIGN_IDENTITY[sdk=iphoneos*]" = "iPhone Developer";
				COPY_PHASE_STRIP = YES;
				GCC_C_LANGUAGE_STANDARD = gnu99;
				GCC_WARN_ABOUT_RETURN_TYPE = YES;
				GCC_WARN_UNINITIALIZED_AUTOS = YES;
				GCC_WARN_UNUSED_VARIABLE = YES;
				IPHONEOS_DEPLOYMENT_TARGET = 5.0;
				OTHER_CFLAGS = "-DNS_BLOCK_ASSERTIONS=1";
				SDKROOT = iphoneos;
				VALIDATE_PRODUCT = YES;
			};
			name = Release;
		};
		D497CB5F168E408A0025EC0B /* Debug */ = {
			isa = XCBuildConfiguration;
			buildSettings = {
				GCC_PRECOMPILE_PREFIX_HEADER = YES;
				GCC_PREFIX_HEADER = "MecoNation/MecoNation-Prefix.pch";
				INFOPLIST_FILE = "MecoNation/MecoNation-Info.plist";
				IPHONEOS_DEPLOYMENT_TARGET = 5.0;
				PRODUCT_NAME = "$(TARGET_NAME)";
				WRAPPER_EXTENSION = app;
			};
			name = Debug;
		};
		D497CB60168E408A0025EC0B /* Release */ = {
			isa = XCBuildConfiguration;
			buildSettings = {
				GCC_PRECOMPILE_PREFIX_HEADER = YES;
				GCC_PREFIX_HEADER = "MecoNation/MecoNation-Prefix.pch";
				INFOPLIST_FILE = "MecoNation/MecoNation-Info.plist";
				IPHONEOS_DEPLOYMENT_TARGET = 5.0;
				PRODUCT_NAME = "$(TARGET_NAME)";
				WRAPPER_EXTENSION = app;
			};
			name = Release;
		};
/* End XCBuildConfiguration section */

/* Begin XCConfigurationList section */
		D497CB34168E408A0025EC0B /* Build configuration list for PBXProject "MecoNation" */ = {
			isa = XCConfigurationList;
			buildConfigurations = (
				D497CB5C168E408A0025EC0B /* Debug */,
				D497CB5D168E408A0025EC0B /* Release */,
			);
			defaultConfigurationIsVisible = 0;
			defaultConfigurationName = Release;
		};
		D497CB5E168E408A0025EC0B /* Build configuration list for PBXNativeTarget "MecoNation" */ = {
			isa = XCConfigurationList;
			buildConfigurations = (
				D497CB5F168E408A0025EC0B /* Debug */,
				D497CB60168E408A0025EC0B /* Release */,
			);
			defaultConfigurationIsVisible = 0;
			defaultConfigurationName = Release;
		};
/* End XCConfigurationList section */
	};
	rootObject = D497CB31168E408A0025EC0B /* Project object */;
}
